
Microsoft Visual Studio Solution File, Format Version 12.00
# Visual Studio 15
VisualStudioVersion = 15.0.26124.0
MinimumVisualStudioVersion = 15.0.26124.0
Project("{2150E333-8FDC-42A3-9474-1A3956D46DE8}") = "src", "src", "{E4D846EF-BF0E-4B9E-A80C-6841B397B42E}"
EndProject
Project("{FAE04EC0-301F-11D3-BF4B-00C04F79EFBC}") = "PalTracker", "src\PalTracker\PalTracker.csproj", "{EB3CDE1C-4570-49A9-B3C2-32DC487E233D}"
EndProject
Project("{2150E333-8FDC-42A3-9474-1A3956D46DE8}") = "test", "test", "{181B416C-FE62-42E9-A591-5259DE0BA61B}"
EndProject
Project("{FAE04EC0-301F-11D3-BF4B-00C04F79EFBC}") = "PalTrackerTests", "test\PalTrackerTests\PalTrackerTests.csproj", "{96376FAB-6BAB-44EA-B711-3E46A1136C17}"
EndProject
Global
	GlobalSection(SolutionConfigurationPlatforms) = preSolution
		Debug|Any CPU = Debug|Any CPU
		Debug|x64 = Debug|x64
		Debug|x86 = Debug|x86
		Release|Any CPU = Release|Any CPU
		Release|x64 = Release|x64
		Release|x86 = Release|x86
	EndGlobalSection
	GlobalSection(SolutionProperties) = preSolution
		HideSolutionNode = FALSE
	EndGlobalSection
	GlobalSection(ProjectConfigurationPlatforms) = postSolution
		{EB3CDE1C-4570-49A9-B3C2-32DC487E233D}.Debug|Any CPU.ActiveCfg = Debug|Any CPU
		{EB3CDE1C-4570-49A9-B3C2-32DC487E233D}.Debug|Any CPU.Build.0 = Debug|Any CPU
		{EB3CDE1C-4570-49A9-B3C2-32DC487E233D}.Debug|x64.ActiveCfg = Debug|Any CPU
		{EB3CDE1C-4570-49A9-B3C2-32DC487E233D}.Debug|x64.Build.0 = Debug|Any CPU
		{EB3CDE1C-4570-49A9-B3C2-32DC487E233D}.Debug|x86.ActiveCfg = Debug|Any CPU
		{EB3CDE1C-4570-49A9-B3C2-32DC487E233D}.Debug|x86.Build.0 = Debug|Any CPU
		{EB3CDE1C-4570-49A9-B3C2-32DC487E233D}.Release|Any CPU.ActiveCfg = Release|Any CPU
		{EB3CDE1C-4570-49A9-B3C2-32DC487E233D}.Release|Any CPU.Build.0 = Release|Any CPU
		{EB3CDE1C-4570-49A9-B3C2-32DC487E233D}.Release|x64.ActiveCfg = Release|Any CPU
		{EB3CDE1C-4570-49A9-B3C2-32DC487E233D}.Release|x64.Build.0 = Release|Any CPU
		{EB3CDE1C-4570-49A9-B3C2-32DC487E233D}.Release|x86.ActiveCfg = Release|Any CPU
		{EB3CDE1C-4570-49A9-B3C2-32DC487E233D}.Release|x86.Build.0 = Release|Any CPU
		{96376FAB-6BAB-44EA-B711-3E46A1136C17}.Debug|Any CPU.ActiveCfg = Debug|Any CPU
		{96376FAB-6BAB-44EA-B711-3E46A1136C17}.Debug|Any CPU.Build.0 = Debug|Any CPU
		{96376FAB-6BAB-44EA-B711-3E46A1136C17}.Debug|x64.ActiveCfg = Debug|Any CPU
		{96376FAB-6BAB-44EA-B711-3E46A1136C17}.Debug|x64.Build.0 = Debug|Any CPU
		{96376FAB-6BAB-44EA-B711-3E46A1136C17}.Debug|x86.ActiveCfg = Debug|Any CPU
		{96376FAB-6BAB-44EA-B711-3E46A1136C17}.Debug|x86.Build.0 = Debug|Any CPU
		{96376FAB-6BAB-44EA-B711-3E46A1136C17}.Release|Any CPU.ActiveCfg = Release|Any CPU
		{96376FAB-6BAB-44EA-B711-3E46A1136C17}.Release|Any CPU.Build.0 = Release|Any CPU
		{96376FAB-6BAB-44EA-B711-3E46A1136C17}.Release|x64.ActiveCfg = Release|Any CPU
		{96376FAB-6BAB-44EA-B711-3E46A1136C17}.Release|x64.Build.0 = Release|Any CPU
		{96376FAB-6BAB-44EA-B711-3E46A1136C17}.Release|x86.ActiveCfg = Release|Any CPU
		{96376FAB-6BAB-44EA-B711-3E46A1136C17}.Release|x86.Build.0 = Release|Any CPU
	EndGlobalSection
	GlobalSection(NestedProjects) = preSolution
		{EB3CDE1C-4570-49A9-B3C2-32DC487E233D} = {E4D846EF-BF0E-4B9E-A80C-6841B397B42E}
		{96376FAB-6BAB-44EA-B711-3E46A1136C17} = {181B416C-FE62-42E9-A591-5259DE0BA61B}
	EndGlobalSection
EndGlobal
